// !$*UTF8*$!
{
	archiveVersion = 1;
	classes = {
	};
	objectVersion = 46;
	objects = {

/* Begin PBXBuildFile section */
		6B647E1806F53B817493F3C7 /* libPods-scoreboard.a in Frameworks */ = {isa = PBXBuildFile; fileRef = 222343B35E078E5138A9B551 /* libPods-scoreboard.a */; };
		7D16630B1B136987002A2BF0 /* SBConstants.m in Sources */ = {isa = PBXBuildFile; fileRef = 7D16630A1B136987002A2BF0 /* SBConstants.m */; };
		7D16630E1B136B01002A2BF0 /* FirebaseAPIclient.m in Sources */ = {isa = PBXBuildFile; fileRef = 7D16630D1B136B01002A2BF0 /* FirebaseAPIclient.m */; };
		7D1663111B13B13E002A2BF0 /* SBRoom.m in Sources */ = {isa = PBXBuildFile; fileRef = 7D1663101B13B13E002A2BF0 /* SBRoom.m */; };
		7D1663191B13B26B002A2BF0 /* SBUser.m in Sources */ = {isa = PBXBuildFile; fileRef = 7D1663181B13B26B002A2BF0 /* SBUser.m */; };
		7D45F3841B126AA30053F47F /* main.m in Sources */ = {isa = PBXBuildFile; fileRef = 7D45F3831B126AA30053F47F /* main.m */; };
		7D45F3871B126AA30053F47F /* AppDelegate.m in Sources */ = {isa = PBXBuildFile; fileRef = 7D45F3861B126AA30053F47F /* AppDelegate.m */; };
		7D45F38D1B126AA30053F47F /* Main.storyboard in Resources */ = {isa = PBXBuildFile; fileRef = 7D45F38B1B126AA30053F47F /* Main.storyboard */; };
		7D45F38F1B126AA30053F47F /* Images.xcassets in Resources */ = {isa = PBXBuildFile; fileRef = 7D45F38E1B126AA30053F47F /* Images.xcassets */; };
		7D45F3921B126AA30053F47F /* LaunchScreen.xib in Resources */ = {isa = PBXBuildFile; fileRef = 7D45F3901B126AA30053F47F /* LaunchScreen.xib */; };
		7D45F39E1B126AA30053F47F /* scoreboardTests.m in Sources */ = {isa = PBXBuildFile; fileRef = 7D45F39D1B126AA30053F47F /* scoreboardTests.m */; };
		7D45F3AC1B1271120053F47F /* SBSetupViewController.m in Sources */ = {isa = PBXBuildFile; fileRef = 7D45F3AB1B1271120053F47F /* SBSetupViewController.m */; };
		7D45F3AF1B1286120053F47F /* SBUILabelHelper.m in Sources */ = {isa = PBXBuildFile; fileRef = 7D45F3AE1B1286120053F47F /* SBUILabelHelper.m */; };
/* End PBXBuildFile section */

/* Begin PBXContainerItemProxy section */
		7D45F3981B126AA30053F47F /* PBXContainerItemProxy */ = {
			isa = PBXContainerItemProxy;
			containerPortal = 7D45F3761B126AA30053F47F /* Project object */;
			proxyType = 1;
			remoteGlobalIDString = 7D45F37D1B126AA30053F47F;
			remoteInfo = scoreboard;
		};
/* End PBXContainerItemProxy section */

/* Begin PBXFileReference section */
		222343B35E078E5138A9B551 /* libPods-scoreboard.a */ = {isa = PBXFileReference; explicitFileType = archive.ar; includeInIndex = 0; path = "libPods-scoreboard.a"; sourceTree = BUILT_PRODUCTS_DIR; };
		2A1C5B47474595727EFC8D4B /* Pods-scoreboard.debug.xcconfig */ = {isa = PBXFileReference; includeInIndex = 1; lastKnownFileType = text.xcconfig; name = "Pods-scoreboard.debug.xcconfig"; path = "Pods/Target Support Files/Pods-scoreboard/Pods-scoreboard.debug.xcconfig"; sourceTree = "<group>"; };
		7D1663091B136987002A2BF0 /* SBConstants.h */ = {isa = PBXFileReference; fileEncoding = 4; lastKnownFileType = sourcecode.c.h; path = SBConstants.h; sourceTree = "<group>"; };
		7D16630A1B136987002A2BF0 /* SBConstants.m */ = {isa = PBXFileReference; fileEncoding = 4; lastKnownFileType = sourcecode.c.objc; path = SBConstants.m; sourceTree = "<group>"; };
		7D16630C1B136B01002A2BF0 /* FirebaseAPIclient.h */ = {isa = PBXFileReference; fileEncoding = 4; lastKnownFileType = sourcecode.c.h; path = FirebaseAPIclient.h; sourceTree = "<group>"; };
		7D16630D1B136B01002A2BF0 /* FirebaseAPIclient.m */ = {isa = PBXFileReference; fileEncoding = 4; lastKnownFileType = sourcecode.c.objc; path = FirebaseAPIclient.m; sourceTree = "<group>"; };
		7D16630F1B13B13E002A2BF0 /* SBRoom.h */ = {isa = PBXFileReference; fileEncoding = 4; lastKnownFileType = sourcecode.c.h; path = SBRoom.h; sourceTree = "<group>"; };
		7D1663101B13B13E002A2BF0 /* SBRoom.m */ = {isa = PBXFileReference; fileEncoding = 4; lastKnownFileType = sourcecode.c.objc; path = SBRoom.m; sourceTree = "<group>"; };
		7D1663171B13B26A002A2BF0 /* SBUser.h */ = {isa = PBXFileReference; fileEncoding = 4; lastKnownFileType = sourcecode.c.h; path = SBUser.h; sourceTree = "<group>"; };
		7D1663181B13B26B002A2BF0 /* SBUser.m */ = {isa = PBXFileReference; fileEncoding = 4; lastKnownFileType = sourcecode.c.objc; path = SBUser.m; sourceTree = "<group>"; };
		7D45F37E1B126AA30053F47F /* scoreboard.app */ = {isa = PBXFileReference; explicitFileType = wrapper.application; includeInIndex = 0; path = scoreboard.app; sourceTree = BUILT_PRODUCTS_DIR; };
		7D45F3821B126AA30053F47F /* Info.plist */ = {isa = PBXFileReference; lastKnownFileType = text.plist.xml; path = Info.plist; sourceTree = "<group>"; };
		7D45F3831B126AA30053F47F /* main.m */ = {isa = PBXFileReference; lastKnownFileType = sourcecode.c.objc; path = main.m; sourceTree = "<group>"; };
		7D45F3851B126AA30053F47F /* AppDelegate.h */ = {isa = PBXFileReference; lastKnownFileType = sourcecode.c.h; path = AppDelegate.h; sourceTree = "<group>"; };
		7D45F3861B126AA30053F47F /* AppDelegate.m */ = {isa = PBXFileReference; lastKnownFileType = sourcecode.c.objc; path = AppDelegate.m; sourceTree = "<group>"; };
		7D45F38C1B126AA30053F47F /* Base */ = {isa = PBXFileReference; lastKnownFileType = file.storyboard; name = Base; path = Base.lproj/Main.storyboard; sourceTree = "<group>"; };
		7D45F38E1B126AA30053F47F /* Images.xcassets */ = {isa = PBXFileReference; lastKnownFileType = folder.assetcatalog; path = Images.xcassets; sourceTree = "<group>"; };
		7D45F3911B126AA30053F47F /* Base */ = {isa = PBXFileReference; lastKnownFileType = file.xib; name = Base; path = Base.lproj/LaunchScreen.xib; sourceTree = "<group>"; };
		7D45F3971B126AA30053F47F /* scoreboardTests.xctest */ = {isa = PBXFileReference; explicitFileType = wrapper.cfbundle; includeInIndex = 0; path = scoreboardTests.xctest; sourceTree = BUILT_PRODUCTS_DIR; };
		7D45F39C1B126AA30053F47F /* Info.plist */ = {isa = PBXFileReference; lastKnownFileType = text.plist.xml; path = Info.plist; sourceTree = "<group>"; };
		7D45F39D1B126AA30053F47F /* scoreboardTests.m */ = {isa = PBXFileReference; lastKnownFileType = sourcecode.c.objc; path = scoreboardTests.m; sourceTree = "<group>"; };
		7D45F3AA1B1271120053F47F /* SBSetupViewController.h */ = {isa = PBXFileReference; fileEncoding = 4; lastKnownFileType = sourcecode.c.h; path = SBSetupViewController.h; sourceTree = "<group>"; };
		7D45F3AB1B1271120053F47F /* SBSetupViewController.m */ = {isa = PBXFileReference; fileEncoding = 4; lastKnownFileType = sourcecode.c.objc; path = SBSetupViewController.m; sourceTree = "<group>"; };
		7D45F3AD1B1286120053F47F /* SBUILabelHelper.h */ = {isa = PBXFileReference; fileEncoding = 4; lastKnownFileType = sourcecode.c.h; path = SBUILabelHelper.h; sourceTree = "<group>"; };
		7D45F3AE1B1286120053F47F /* SBUILabelHelper.m */ = {isa = PBXFileReference; fileEncoding = 4; lastKnownFileType = sourcecode.c.objc; path = SBUILabelHelper.m; sourceTree = "<group>"; };
		8AC5529345ED1248A6EDE297 /* Pods-scoreboard.release.xcconfig */ = {isa = PBXFileReference; includeInIndex = 1; lastKnownFileType = text.xcconfig; name = "Pods-scoreboard.release.xcconfig"; path = "Pods/Target Support Files/Pods-scoreboard/Pods-scoreboard.release.xcconfig"; sourceTree = "<group>"; };
/* End PBXFileReference section */

/* Begin PBXFrameworksBuildPhase section */
		7D45F37B1B126AA30053F47F /* Frameworks */ = {
			isa = PBXFrameworksBuildPhase;
			buildActionMask = 2147483647;
			files = (
				6B647E1806F53B817493F3C7 /* libPods-scoreboard.a in Frameworks */,
			);
			runOnlyForDeploymentPostprocessing = 0;
		};
		7D45F3941B126AA30053F47F /* Frameworks */ = {
			isa = PBXFrameworksBuildPhase;
			buildActionMask = 2147483647;
			files = (
			);
			runOnlyForDeploymentPostprocessing = 0;
		};
/* End PBXFrameworksBuildPhase section */

/* Begin PBXGroup section */
		7D1663121B13B153002A2BF0 /* Model */ = {
			isa = PBXGroup;
			children = (
				7D16630F1B13B13E002A2BF0 /* SBRoom.h */,
				7D1663101B13B13E002A2BF0 /* SBRoom.m */,
				7D1663171B13B26A002A2BF0 /* SBUser.h */,
				7D1663181B13B26B002A2BF0 /* SBUser.m */,
			);
			name = Model;
			sourceTree = "<group>";
		};
		7D1663131B13B188002A2BF0 /* API Client/Helpers */ = {
			isa = PBXGroup;
			children = (
				7D45F3AD1B1286120053F47F /* SBUILabelHelper.h */,
				7D45F3AE1B1286120053F47F /* SBUILabelHelper.m */,
				7D16630C1B136B01002A2BF0 /* FirebaseAPIclient.h */,
				7D16630D1B136B01002A2BF0 /* FirebaseAPIclient.m */,
			);
			name = "API Client/Helpers";
			sourceTree = "<group>";
		};
		7D1663141B13B1AA002A2BF0 /* Delegates */ = {
			isa = PBXGroup;
			children = (
				7D45F3851B126AA30053F47F /* AppDelegate.h */,
				7D45F3861B126AA30053F47F /* AppDelegate.m */,
			);
			name = Delegates;
			sourceTree = "<group>";
		};
		7D1663151B13B1C5002A2BF0 /* Constants */ = {
			isa = PBXGroup;
			children = (
				7D1663091B136987002A2BF0 /* SBConstants.h */,
				7D16630A1B136987002A2BF0 /* SBConstants.m */,
			);
			name = Constants;
			sourceTree = "<group>";
		};
		7D1663161B13B1DD002A2BF0 /* Views */ = {
			isa = PBXGroup;
			children = (
				7D45F3AA1B1271120053F47F /* SBSetupViewController.h */,
				7D45F3AB1B1271120053F47F /* SBSetupViewController.m */,
			);
			name = Views;
			sourceTree = "<group>";
		};
		7D45F3751B126AA30053F47F = {
			isa = PBXGroup;
			children = (
				7D45F3801B126AA30053F47F /* scoreboard */,
				7D45F39A1B126AA30053F47F /* scoreboardTests */,
				7D45F37F1B126AA30053F47F /* Products */,
				F22D746443192CAED6285127 /* Pods */,
				9A6AE255DB7D31A7C5828CBF /* Frameworks */,
			);
			sourceTree = "<group>";
		};
		7D45F37F1B126AA30053F47F /* Products */ = {
			isa = PBXGroup;
			children = (
				7D45F37E1B126AA30053F47F /* scoreboard.app */,
				7D45F3971B126AA30053F47F /* scoreboardTests.xctest */,
			);
			name = Products;
			sourceTree = "<group>";
		};
		7D45F3801B126AA30053F47F /* scoreboard */ = {
			isa = PBXGroup;
			children = (
				7D1663161B13B1DD002A2BF0 /* Views */,
				7D1663151B13B1C5002A2BF0 /* Constants */,
				7D1663141B13B1AA002A2BF0 /* Delegates */,
				7D1663131B13B188002A2BF0 /* API Client/Helpers */,
				7D1663121B13B153002A2BF0 /* Model */,
				7D45F3811B126AA30053F47F /* Supporting Files */,
			);
			path = scoreboard;
			sourceTree = "<group>";
		};
		7D45F3811B126AA30053F47F /* Supporting Files */ = {
			isa = PBXGroup;
			children = (
				7D45F38B1B126AA30053F47F /* Main.storyboard */,
				7D45F38E1B126AA30053F47F /* Images.xcassets */,
				7D45F3901B126AA30053F47F /* LaunchScreen.xib */,
				7D45F3821B126AA30053F47F /* Info.plist */,
				7D45F3831B126AA30053F47F /* main.m */,
			);
			name = "Supporting Files";
			sourceTree = "<group>";
		};
		7D45F39A1B126AA30053F47F /* scoreboardTests */ = {
			isa = PBXGroup;
			children = (
				7D45F39D1B126AA30053F47F /* scoreboardTests.m */,
				7D45F39B1B126AA30053F47F /* Supporting Files */,
			);
			path = scoreboardTests;
			sourceTree = "<group>";
		};
		7D45F39B1B126AA30053F47F /* Supporting Files */ = {
			isa = PBXGroup;
			children = (
				7D45F39C1B126AA30053F47F /* Info.plist */,
			);
			name = "Supporting Files";
			sourceTree = "<group>";
		};
		9A6AE255DB7D31A7C5828CBF /* Frameworks */ = {
			isa = PBXGroup;
			children = (
				222343B35E078E5138A9B551 /* libPods-scoreboard.a */,
			);
			name = Frameworks;
			sourceTree = "<group>";
		};
		F22D746443192CAED6285127 /* Pods */ = {
			isa = PBXGroup;
			children = (
				2A1C5B47474595727EFC8D4B /* Pods-scoreboard.debug.xcconfig */,
				8AC5529345ED1248A6EDE297 /* Pods-scoreboard.release.xcconfig */,
			);
			name = Pods;
			sourceTree = "<group>";
		};
/* End PBXGroup section */

/* Begin PBXNativeTarget section */
		7D45F37D1B126AA30053F47F /* scoreboard */ = {
			isa = PBXNativeTarget;
			buildConfigurationList = 7D45F3A11B126AA30053F47F /* Build configuration list for PBXNativeTarget "scoreboard" */;
			buildPhases = (
				990651BEC5EFFEF96BB137F7 /* Check Pods Manifest.lock */,
				7D45F37A1B126AA30053F47F /* Sources */,
				7D45F37B1B126AA30053F47F /* Frameworks */,
				7D45F37C1B126AA30053F47F /* Resources */,
				0AA49F6431C16530042C8225 /* Copy Pods Resources */,
			);
			buildRules = (
			);
			dependencies = (
			);
			name = scoreboard;
			productName = scoreboard;
			productReference = 7D45F37E1B126AA30053F47F /* scoreboard.app */;
			productType = "com.apple.product-type.application";
		};
		7D45F3961B126AA30053F47F /* scoreboardTests */ = {
			isa = PBXNativeTarget;
			buildConfigurationList = 7D45F3A41B126AA30053F47F /* Build configuration list for PBXNativeTarget "scoreboardTests" */;
			buildPhases = (
				7D45F3931B126AA30053F47F /* Sources */,
				7D45F3941B126AA30053F47F /* Frameworks */,
				7D45F3951B126AA30053F47F /* Resources */,
			);
			buildRules = (
			);
			dependencies = (
				7D45F3991B126AA30053F47F /* PBXTargetDependency */,
			);
			name = scoreboardTests;
			productName = scoreboardTests;
			productReference = 7D45F3971B126AA30053F47F /* scoreboardTests.xctest */;
			productType = "com.apple.product-type.bundle.unit-test";
		};
/* End PBXNativeTarget section */

/* Begin PBXProject section */
		7D45F3761B126AA30053F47F /* Project object */ = {
			isa = PBXProject;
			attributes = {
				LastUpgradeCheck = 0630;
				ORGANIZATIONNAME = "Gamesmith, LLC";
				TargetAttributes = {
					7D45F37D1B126AA30053F47F = {
						CreatedOnToolsVersion = 6.3.2;
					};
					7D45F3961B126AA30053F47F = {
						CreatedOnToolsVersion = 6.3.2;
						TestTargetID = 7D45F37D1B126AA30053F47F;
					};
				};
			};
			buildConfigurationList = 7D45F3791B126AA30053F47F /* Build configuration list for PBXProject "scoreboard" */;
			compatibilityVersion = "Xcode 3.2";
			developmentRegion = English;
			hasScannedForEncodings = 0;
			knownRegions = (
				en,
				Base,
			);
			mainGroup = 7D45F3751B126AA30053F47F;
			productRefGroup = 7D45F37F1B126AA30053F47F /* Products */;
			projectDirPath = "";
			projectRoot = "";
			targets = (
				7D45F37D1B126AA30053F47F /* scoreboard */,
				7D45F3961B126AA30053F47F /* scoreboardTests */,
			);
		};
/* End PBXProject section */

/* Begin PBXResourcesBuildPhase section */
		7D45F37C1B126AA30053F47F /* Resources */ = {
			isa = PBXResourcesBuildPhase;
			buildActionMask = 2147483647;
			files = (
				7D45F38D1B126AA30053F47F /* Main.storyboard in Resources */,
				7D45F3921B126AA30053F47F /* LaunchScreen.xib in Resources */,
				7D45F38F1B126AA30053F47F /* Images.xcassets in Resources */,
			);
			runOnlyForDeploymentPostprocessing = 0;
		};
		7D45F3951B126AA30053F47F /* Resources */ = {
			isa = PBXResourcesBuildPhase;
			buildActionMask = 2147483647;
			files = (
			);
			runOnlyForDeploymentPostprocessing = 0;
		};
/* End PBXResourcesBuildPhase section */

/* Begin PBXShellScriptBuildPhase section */
		0AA49F6431C16530042C8225 /* Copy Pods Resources */ = {
			isa = PBXShellScriptBuildPhase;
			buildActionMask = 2147483647;
			files = (
			);
			inputPaths = (
			);
			name = "Copy Pods Resources";
			outputPaths = (
			);
			runOnlyForDeploymentPostprocessing = 0;
			shellPath = /bin/sh;
			shellScript = "\"${SRCROOT}/Pods/Target Support Files/Pods-scoreboard/Pods-scoreboard-resources.sh\"\n";
			showEnvVarsInLog = 0;
		};
		990651BEC5EFFEF96BB137F7 /* Check Pods Manifest.lock */ = {
			isa = PBXShellScriptBuildPhase;
			buildActionMask = 2147483647;
			files = (
			);
			inputPaths = (
			);
			name = "Check Pods Manifest.lock";
			outputPaths = (
			);
			runOnlyForDeploymentPostprocessing = 0;
			shellPath = /bin/sh;
			shellScript = "diff \"${PODS_ROOT}/../Podfile.lock\" \"${PODS_ROOT}/Manifest.lock\" > /dev/null\nif [[ $? != 0 ]] ; then\n    cat << EOM\nerror: The sandbox is not in sync with the Podfile.lock. Run 'pod install' or update your CocoaPods installation.\nEOM\n    exit 1\nfi\n";
			showEnvVarsInLog = 0;
		};
/* End PBXShellScriptBuildPhase section */

/* Begin PBXSourcesBuildPhase section */
		7D45F37A1B126AA30053F47F /* Sources */ = {
			isa = PBXSourcesBuildPhase;
			buildActionMask = 2147483647;
			files = (
				7D1663111B13B13E002A2BF0 /* SBRoom.m in Sources */,
				7D45F3871B126AA30053F47F /* AppDelegate.m in Sources */,
				7D45F3AC1B1271120053F47F /* SBSetupViewController.m in Sources */,
				7D1663191B13B26B002A2BF0 /* SBUser.m in Sources */,
				7D16630B1B136987002A2BF0 /* SBConstants.m in Sources */,
				7D45F3841B126AA30053F47F /* main.m in Sources */,
				7D16630E1B136B01002A2BF0 /* FirebaseAPIclient.m in Sources */,
				7D45F3AF1B1286120053F47F /* SBUILabelHelper.m in Sources */,
			);
			runOnlyForDeploymentPostprocessing = 0;
		};
		7D45F3931B126AA30053F47F /* Sources */ = {
			isa = PBXSourcesBuildPhase;
			buildActionMask = 2147483647;
			files = (
				7D45F39E1B126AA30053F47F /* scoreboardTests.m in Sources */,
			);
			runOnlyForDeploymentPostprocessing = 0;
		};
/* End PBXSourcesBuildPhase section */

/* Begin PBXTargetDependency section */
		7D45F3991B126AA30053F47F /* PBXTargetDependency */ = {
			isa = PBXTargetDependency;
			target = 7D45F37D1B126AA30053F47F /* scoreboard */;
			targetProxy = 7D45F3981B126AA30053F47F /* PBXContainerItemProxy */;
		};
/* End PBXTargetDependency section */

/* Begin PBXVariantGroup section */
		7D45F38B1B126AA30053F47F /* Main.storyboard */ = {
			isa = PBXVariantGroup;
			children = (
				7D45F38C1B126AA30053F47F /* Base */,
			);
			name = Main.storyboard;
			sourceTree = "<group>";
		};
		7D45F3901B126AA30053F47F /* LaunchScreen.xib */ = {
			isa = PBXVariantGroup;
			children = (
				7D45F3911B126AA30053F47F /* Base */,
			);
			name = LaunchScreen.xib;
			sourceTree = "<group>";
		};
/* End PBXVariantGroup section */

/* Begin XCBuildConfiguration section */
		7D45F39F1B126AA30053F47F /* Debug */ = {
			isa = XCBuildConfiguration;
			buildSettings = {
				ALWAYS_SEARCH_USER_PATHS = NO;
				CLANG_CXX_LANGUAGE_STANDARD = "gnu++0x";
				CLANG_CXX_LIBRARY = "libc++";
				CLANG_ENABLE_MODULES = YES;
				CLANG_ENABLE_OBJC_ARC = YES;
				CLANG_WARN_BOOL_CONVERSION = YES;
				CLANG_WARN_CONSTANT_CONVERSION = YES;
				CLANG_WARN_DIRECT_OBJC_ISA_USAGE = YES_ERROR;
				CLANG_WARN_EMPTY_BODY = YES;
				CLANG_WARN_ENUM_CONVERSION = YES;
				CLANG_WARN_INT_CONVERSION = YES;
				CLANG_WARN_OBJC_ROOT_CLASS = YES_ERROR;
				CLANG_WARN_UNREACHABLE_CODE = YES;
				CLANG_WARN__DUPLICATE_METHOD_MATCH = YES;
				"CODE_SIGN_IDENTITY[sdk=iphoneos*]" = "iPhone Developer";
				COPY_PHASE_STRIP = NO;
				DEBUG_INFORMATION_FORMAT = "dwarf-with-dsym";
				ENABLE_STRICT_OBJC_MSGSEND = YES;
				GCC_C_LANGUAGE_STANDARD = gnu99;
				GCC_DYNAMIC_NO_PIC = NO;
				GCC_NO_COMMON_BLOCKS = YES;
				GCC_OPTIMIZATION_LEVEL = 0;
				GCC_PREPROCESSOR_DEFINITIONS = (
					"DEBUG=1",
					"$(inherited)",
				);
				GCC_SYMBOLS_PRIVATE_EXTERN = NO;
				GCC_WARN_64_TO_32_BIT_CONVERSION = YES;
				GCC_WARN_ABOUT_RETURN_TYPE = YES_ERROR;
				GCC_WARN_UNDECLARED_SELECTOR = YES;
				GCC_WARN_UNINITIALIZED_AUTOS = YES_AGGRESSIVE;
				GCC_WARN_UNUSED_FUNCTION = YES;
				GCC_WARN_UNUSED_VARIABLE = YES;
				IPHONEOS_DEPLOYMENT_TARGET = 8.3;
				MTL_ENABLE_DEBUG_INFO = YES;
				ONLY_ACTIVE_ARCH = YES;
				SDKROOT = iphoneos;
			};
			name = Debug;
		};
		7D45F3A01B126AA30053F47F /* Release */ = {
			isa = XCBuildConfiguration;
			buildSettings = {
				ALWAYS_SEARCH_USER_PATHS = NO;
				CLANG_CXX_LANGUAGE_STANDARD = "gnu++0x";
				CLANG_CXX_LIBRARY = "libc++";
				CLANG_ENABLE_MODULES = YES;
				CLANG_ENABLE_OBJC_ARC = YES;
				CLANG_WARN_BOOL_CONVERSION = YES;
				CLANG_WARN_CONSTANT_CONVERSION = YES;
				CLANG_WARN_DIRECT_OBJC_ISA_USAGE = YES_ERROR;
				CLANG_WARN_EMPTY_BODY = YES;
				CLANG_WARN_ENUM_CONVERSION = YES;
				CLANG_WARN_INT_CONVERSION = YES;
				CLANG_WARN_OBJC_ROOT_CLASS = YES_ERROR;
				CLANG_WARN_UNREACHABLE_CODE = YES;
				CLANG_WARN__DUPLICATE_METHOD_MATCH = YES;
				"CODE_SIGN_IDENTITY[sdk=iphoneos*]" = "iPhone Developer";
				COPY_PHASE_STRIP = NO;
				DEBUG_INFORMATION_FORMAT = "dwarf-with-dsym";
				ENABLE_NS_ASSERTIONS = NO;
				ENABLE_STRICT_OBJC_MSGSEND = YES;
				GCC_C_LANGUAGE_STANDARD = gnu99;
				GCC_NO_COMMON_BLOCKS = YES;
				GCC_WARN_64_TO_32_BIT_CONVERSION = YES;
				GCC_WARN_ABOUT_RETURN_TYPE = YES_ERROR;
				GCC_WARN_UNDECLARED_SELECTOR = YES;
				GCC_WARN_UNINITIALIZED_AUTOS = YES_AGGRESSIVE;
				GCC_WARN_UNUSED_FUNCTION = YES;
				GCC_WARN_UNUSED_VARIABLE = YES;
				IPHONEOS_DEPLOYMENT_TARGET = 8.3;
				MTL_ENABLE_DEBUG_INFO = NO;
				SDKROOT = iphoneos;
				VALIDATE_PRODUCT = YES;
			};
			name = Release;
		};
		7D45F3A21B126AA30053F47F /* Debug */ = {
			isa = XCBuildConfiguration;
			baseConfigurationReference = 2A1C5B47474595727EFC8D4B /* Pods-scoreboard.debug.xcconfig */;
			buildSettings = {
				ASSETCATALOG_COMPILER_APPICON_NAME = AppIcon;
				INFOPLIST_FILE = scoreboard/Info.plist;
				LD_RUNPATH_SEARCH_PATHS = "$(inherited) @executable_path/Frameworks";
				PRODUCT_NAME = "$(TARGET_NAME)";
			};
			name = Debug;
		};
		7D45F3A31B126AA30053F47F /* Release */ = {
			isa = XCBuildConfiguration;
			baseConfigurationReference = 8AC5529345ED1248A6EDE297 /* Pods-scoreboard.release.xcconfig */;
			buildSettings = {
				ASSETCATALOG_COMPILER_APPICON_NAME = AppIcon;
				INFOPLIST_FILE = scoreboard/Info.plist;
				LD_RUNPATH_SEARCH_PATHS = "$(inherited) @executable_path/Frameworks";
				PRODUCT_NAME = "$(TARGET_NAME)";
			};
			name = Release;
		};
		7D45F3A51B126AA30053F47F /* Debug */ = {
			isa = XCBuildConfiguration;
			buildSettings = {
				BUNDLE_LOADER = "$(TEST_HOST)";
				FRAMEWORK_SEARCH_PATHS = (
					"$(SDKROOT)/Developer/Library/Frameworks",
					"$(inherited)",
				);
				GCC_PREPROCESSOR_DEFINITIONS = (
					"DEBUG=1",
					"$(inherited)",
				);
				INFOPLIST_FILE = scoreboardTests/Info.plist;
				LD_RUNPATH_SEARCH_PATHS = "$(inherited) @executable_path/Frameworks @loader_path/Frameworks";
				PRODUCT_NAME = "$(TARGET_NAME)";
				TEST_HOST = "$(BUILT_PRODUCTS_DIR)/scoreboard.app/scoreboard";
			};
			name = Debug;
		};
		7D45F3A61B126AA30053F47F /* Release */ = {
			isa = XCBuildConfiguration;
			buildSettings = {
				BUNDLE_LOADER = "$(TEST_HOST)";
				FRAMEWORK_SEARCH_PATHS = (
					"$(SDKROOT)/Developer/Library/Frameworks",
					"$(inherited)",
				);
				INFOPLIST_FILE = scoreboardTests/Info.plist;
				LD_RUNPATH_SEARCH_PATHS = "$(inherited) @executable_path/Frameworks @loader_path/Frameworks";
				PRODUCT_NAME = "$(TARGET_NAME)";
				TEST_HOST = "$(BUILT_PRODUCTS_DIR)/scoreboard.app/scoreboard";
			};
			name = Release;
		};
/* End XCBuildConfiguration section */

/* Begin XCConfigurationList section */
		7D45F3791B126AA30053F47F /* Build configuration list for PBXProject "scoreboard" */ = {
			isa = XCConfigurationList;
			buildConfigurations = (
				7D45F39F1B126AA30053F47F /* Debug */,
				7D45F3A01B126AA30053F47F /* Release */,
			);
			defaultConfigurationIsVisible = 0;
			defaultConfigurationName = Release;
		};
		7D45F3A11B126AA30053F47F /* Build configuration list for PBXNativeTarget "scoreboard" */ = {
			isa = XCConfigurationList;
			buildConfigurations = (
				7D45F3A21B126AA30053F47F /* Debug */,
				7D45F3A31B126AA30053F47F /* Release */,
			);
			defaultConfigurationIsVisible = 0;
			defaultConfigurationName = Release;
		};
		7D45F3A41B126AA30053F47F /* Build configuration list for PBXNativeTarget "scoreboardTests" */ = {
			isa = XCConfigurationList;
			buildConfigurations = (
				7D45F3A51B126AA30053F47F /* Debug */,
				7D45F3A61B126AA30053F47F /* Release */,
			);
			defaultConfigurationIsVisible = 0;
			defaultConfigurationName = Release;
		};
/* End XCConfigurationList section */
	};
	rootObject = 7D45F3761B126AA30053F47F /* Project object */;
}
